
Microsoft Visual Studio Solution File, Format Version 12.00
# Visual Studio Version 17
VisualStudioVersion = 17.10.35004.147
MinimumVisualStudioVersion = 10.0.40219.1
Project("{9A19103F-16F7-4668-BE54-9A1E7A4F7556}") = "datetime_challenge", "datetime_challenge\datetime_challenge.csproj", "{7C3D3526-3C5D-41E8-BB83-1BD17ABA422C}"
EndProject
Project("{9A19103F-16F7-4668-BE54-9A1E7A4F7556}") = "foreach_challenge", "foreach_challenge\foreach_challenge.csproj", "{3E9E32FE-9919-4A3A-90C6-C0153CE4F957}"
EndProject
Project("{FAE04EC0-301F-11D3-BF4B-00C04F79EFBC}") = "copying_objects_challenge", "copying_objects_challenge\CopyObjectsUI\copying_objects_challenge.csproj", "{0A78C0C7-942A-4825-BE99-9CD6B57A6533}"
EndProject
Project("{9A19103F-16F7-4668-BE54-9A1E7A4F7556}") = "birthday_calculation_challenge", "birthday_calculation_challenge\birthday_calculation_challenge.csproj", "{C3E02C54-53A9-4ACA-9DC7-ADE55EE884D9}"
EndProject
Project("{9A19103F-16F7-4668-BE54-9A1E7A4F7556}") = "extension_methods_challenge", "extension_methods_challenge\extension_methods_challenge.csproj", "{59FF9E25-A4F1-432B-8CD9-4AC5A20D494B}"
EndProject
Project("{9A19103F-16F7-4668-BE54-9A1E7A4F7556}") = "generics_challenge", "generics_challenge\generics_challenge.csproj", "{B894A629-DABE-4F47-A3E9-B9C57B7EC3CD}"
EndProject
Project("{9A19103F-16F7-4668-BE54-9A1E7A4F7556}") = "parameter_challenge", "parameter_challenge\parameter_challenge.csproj", "{DA0558D2-2611-431B-91DB-78A6ECD87D79}"
EndProject
Project("{FAE04EC0-301F-11D3-BF4B-00C04F79EFBC}") = "text_file_challenge", "TextFileChallenge\text_file_challenge.csproj", "{E8F410AB-862F-4A71-A460-672DC547C756}"
EndProject
Project("{9A19103F-16F7-4668-BE54-9A1E7A4F7556}") = "bulk_file_renaming_challenge", "bulk_file_renaming_challenge\bulk_file_renaming_challenge.csproj", "{3DF8ED5C-98F2-47D6-8721-DCB8C1EE686D}"
EndProject
Project("{FAE04EC0-301F-11D3-BF4B-00C04F79EFBC}") = "error_handling_challenge", "error_handling_challenge\error_handling_challenge.csproj", "{EF9ABB75-1887-4D79-860D-2BC24E06A289}"
EndProject
Project("{9A19103F-16F7-4668-BE54-9A1E7A4F7556}") = "unit_test_project_challenge", "unit_test_project_challenge\unit_test_project_challenge.csproj", "{B1AE4C65-F2A3-4C81-8943-BCB1CB57FED1}"
EndProject
Project("{FAE04EC0-301F-11D3-BF4B-00C04F79EFBC}") = "unit_test_project_challenge.Tests", "unit_test_project_challenge.Tests\unit_test_project_challenge.Tests.csproj", "{9E3234CF-370C-444A-BEE4-157999F903B5}"
EndProject
Global
	GlobalSection(SolutionConfigurationPlatforms) = preSolution
		Debug|Any CPU = Debug|Any CPU
		Release|Any CPU = Release|Any CPU
	EndGlobalSection
	GlobalSection(ProjectConfigurationPlatforms) = postSolution
		{7C3D3526-3C5D-41E8-BB83-1BD17ABA422C}.Debug|Any CPU.ActiveCfg = Debug|Any CPU
		{7C3D3526-3C5D-41E8-BB83-1BD17ABA422C}.Debug|Any CPU.Build.0 = Debug|Any CPU
		{7C3D3526-3C5D-41E8-BB83-1BD17ABA422C}.Release|Any CPU.ActiveCfg = Release|Any CPU
		{7C3D3526-3C5D-41E8-BB83-1BD17ABA422C}.Release|Any CPU.Build.0 = Release|Any CPU
		{3E9E32FE-9919-4A3A-90C6-C0153CE4F957}.Debug|Any CPU.ActiveCfg = Debug|Any CPU
		{3E9E32FE-9919-4A3A-90C6-C0153CE4F957}.Debug|Any CPU.Build.0 = Debug|Any CPU
		{3E9E32FE-9919-4A3A-90C6-C0153CE4F957}.Release|Any CPU.ActiveCfg = Release|Any CPU
		{3E9E32FE-9919-4A3A-90C6-C0153CE4F957}.Release|Any CPU.Build.0 = Release|Any CPU
		{0A78C0C7-942A-4825-BE99-9CD6B57A6533}.Debug|Any CPU.ActiveCfg = Debug|Any CPU
		{0A78C0C7-942A-4825-BE99-9CD6B57A6533}.Debug|Any CPU.Build.0 = Debug|Any CPU
		{0A78C0C7-942A-4825-BE99-9CD6B57A6533}.Release|Any CPU.ActiveCfg = Release|Any CPU
		{0A78C0C7-942A-4825-BE99-9CD6B57A6533}.Release|Any CPU.Build.0 = Release|Any CPU
		{C3E02C54-53A9-4ACA-9DC7-ADE55EE884D9}.Debug|Any CPU.ActiveCfg = Debug|Any CPU
		{C3E02C54-53A9-4ACA-9DC7-ADE55EE884D9}.Debug|Any CPU.Build.0 = Debug|Any CPU
		{C3E02C54-53A9-4ACA-9DC7-ADE55EE884D9}.Release|Any CPU.ActiveCfg = Release|Any CPU
		{C3E02C54-53A9-4ACA-9DC7-ADE55EE884D9}.Release|Any CPU.Build.0 = Release|Any CPU
		{59FF9E25-A4F1-432B-8CD9-4AC5A20D494B}.Debug|Any CPU.ActiveCfg = Debug|Any CPU
		{59FF9E25-A4F1-432B-8CD9-4AC5A20D494B}.Debug|Any CPU.Build.0 = Debug|Any CPU
		{59FF9E25-A4F1-432B-8CD9-4AC5A20D494B}.Release|Any CPU.ActiveCfg = Release|Any CPU
		{59FF9E25-A4F1-432B-8CD9-4AC5A20D494B}.Release|Any CPU.Build.0 = Release|Any CPU
		{B894A629-DABE-4F47-A3E9-B9C57B7EC3CD}.Debug|Any CPU.ActiveCfg = Debug|Any CPU
		{B894A629-DABE-4F47-A3E9-B9C57B7EC3CD}.Debug|Any CPU.Build.0 = Debug|Any CPU
		{B894A629-DABE-4F47-A3E9-B9C57B7EC3CD}.Release|Any CPU.ActiveCfg = Release|Any CPU
		{B894A629-DABE-4F47-A3E9-B9C57B7EC3CD}.Release|Any CPU.Build.0 = Release|Any CPU
		{DA0558D2-2611-431B-91DB-78A6ECD87D79}.Debug|Any CPU.ActiveCfg = Debug|Any CPU
		{DA0558D2-2611-431B-91DB-78A6ECD87D79}.Debug|Any CPU.Build.0 = Debug|Any CPU
		{DA0558D2-2611-431B-91DB-78A6ECD87D79}.Release|Any CPU.ActiveCfg = Release|Any CPU
		{DA0558D2-2611-431B-91DB-78A6ECD87D79}.Release|Any CPU.Build.0 = Release|Any CPU
		{E8F410AB-862F-4A71-A460-672DC547C756}.Debug|Any CPU.ActiveCfg = Debug|Any CPU
		{E8F410AB-862F-4A71-A460-672DC547C756}.Debug|Any CPU.Build.0 = Debug|Any CPU
		{E8F410AB-862F-4A71-A460-672DC547C756}.Release|Any CPU.ActiveCfg = Release|Any CPU
		{E8F410AB-862F-4A71-A460-672DC547C756}.Release|Any CPU.Build.0 = Release|Any CPU
		{3DF8ED5C-98F2-47D6-8721-DCB8C1EE686D}.Debug|Any CPU.ActiveCfg = Debug|Any CPU
		{3DF8ED5C-98F2-47D6-8721-DCB8C1EE686D}.Debug|Any CPU.Build.0 = Debug|Any CPU
		{3DF8ED5C-98F2-47D6-8721-DCB8C1EE686D}.Release|Any CPU.ActiveCfg = Release|Any CPU
		{3DF8ED5C-98F2-47D6-8721-DCB8C1EE686D}.Release|Any CPU.Build.0 = Release|Any CPU
		{EF9ABB75-1887-4D79-860D-2BC24E06A289}.Debug|Any CPU.ActiveCfg = Debug|Any CPU
		{EF9ABB75-1887-4D79-860D-2BC24E06A289}.Debug|Any CPU.Build.0 = Debug|Any CPU
		{EF9ABB75-1887-4D79-860D-2BC24E06A289}.Release|Any CPU.ActiveCfg = Release|Any CPU
		{EF9ABB75-1887-4D79-860D-2BC24E06A289}.Release|Any CPU.Build.0 = Release|Any CPU
		{B1AE4C65-F2A3-4C81-8943-BCB1CB57FED1}.Debug|Any CPU.ActiveCfg = Debug|Any CPU
		{B1AE4C65-F2A3-4C81-8943-BCB1CB57FED1}.Debug|Any CPU.Build.0 = Debug|Any CPU
		{B1AE4C65-F2A3-4C81-8943-BCB1CB57FED1}.Release|Any CPU.ActiveCfg = Release|Any CPU
		{B1AE4C65-F2A3-4C81-8943-BCB1CB57FED1}.Release|Any CPU.Build.0 = Release|Any CPU
		{9E3234CF-370C-444A-BEE4-157999F903B5}.Debug|Any CPU.ActiveCfg = Debug|Any CPU
		{9E3234CF-370C-444A-BEE4-157999F903B5}.Debug|Any CPU.Build.0 = Debug|Any CPU
		{9E3234CF-370C-444A-BEE4-157999F903B5}.Release|Any CPU.ActiveCfg = Release|Any CPU
		{9E3234CF-370C-444A-BEE4-157999F903B5}.Release|Any CPU.Build.0 = Release|Any CPU
	EndGlobalSection
	GlobalSection(SolutionProperties) = preSolution
		HideSolutionNode = FALSE
	EndGlobalSection
	GlobalSection(ExtensibilityGlobals) = postSolution
		SolutionGuid = {032BEC73-BA4B-44BA-8001-B7E5017F9F1D}
	EndGlobalSection
EndGlobal
